
Microsoft Visual Studio Solution File, Format Version 12.00
# Visual Studio 15
VisualStudioVersion = 15.0.28307.705
MinimumVisualStudioVersion = 10.0.40219.1
Project("{FAE04EC0-301F-11D3-BF4B-00C04F79EFBC}") = "HookApplication", "HookApplication\HookApplication.csproj", "{C9969C9C-4830-4D85-92AF-0E45E9F4E0D8}"
EndProject
Global
	GlobalSection(SolutionConfigurationPlatforms) = preSolution
		Debug|Any CPU = Debug|Any CPU
		Release|Any CPU = Release|Any CPU
	EndGlobalSection
	GlobalSection(ProjectConfigurationPlatforms) = postSolution
		{C9969C9C-4830-4D85-92AF-0E45E9F4E0D8}.Debug|Any CPU.ActiveCfg = Debug|Any CPU
		{C9969C9C-4830-4D85-92AF-0E45E9F4E0D8}.Debug|Any CPU.Build.0 = Debug|Any CPU
		{C9969C9C-4830-4D85-92AF-0E45E9F4E0D8}.Release|Any CPU.ActiveCfg = Release|Any CPU
		{C9969C9C-4830-4D85-92AF-0E45E9F4E0D8}.Release|Any CPU.Build.0 = Release|Any CPU
	EndGlobalSection
	GlobalSection(SolutionProperties) = preSolution
		HideSolutionNode = FALSE
	EndGlobalSection
	GlobalSection(ExtensibilityGlobals) = postSolution
		SolutionGuid = {BBF5417F-B0ED-42F1-8BFC-42CEB0810B4C}
	EndGlobalSection
EndGlobal
